{
    "_readme": [
        "This file locks the dependencies of your project to a known state",
        "Read more about it at https://getcomposer.org/doc/01-basic-usage.md#installing-dependencies",
        "This file is @generated automatically"
    ],
    "content-hash": "796c04fa34eebf9ec065e73824702505",
    "packages": [
        {
            "name": "cache/adapter-common",
            "version": "1.1.0",
            "source": {
                "type": "git",
                "url": "https://github.com/php-cache/adapter-common.git",
                "reference": "6320bb5f5574cb88438059b59f8708da6b6f1d32"
            },
            "dist": {
                "type": "zip",
                "url": "https://api.github.com/repos/php-cache/adapter-common/zipball/6320bb5f5574cb88438059b59f8708da6b6f1d32",
                "reference": "6320bb5f5574cb88438059b59f8708da6b6f1d32",
                "shasum": ""
            },
            "require": {
                "cache/tag-interop": "^1.0",
                "php": "^5.6 || ^7.0",
                "psr/cache": "^1.0",
                "psr/log": "^1.0",
                "psr/simple-cache": "^1.0"
            },
            "require-dev": {
                "cache/integration-tests": "^0.16",
                "phpunit/phpunit": "^5.7.21"
            },
            "type": "library",
            "extra": {
                "branch-alias": {
                    "dev-master": "1.1-dev"
                }
            },
            "autoload": {
                "psr-4": {
                    "Cache\\Adapter\\Common\\": ""
                }
            },
            "notification-url": "https://packagist.org/downloads/",
            "license": [
                "MIT"
            ],
            "authors": [
                {
                    "name": "Aaron Scherer",
                    "email": "aequasi@gmail.com",
                    "homepage": "https://github.com/aequasi"
                },
                {
                    "name": "Tobias Nyholm",
                    "email": "tobias.nyholm@gmail.com",
                    "homepage": "https://github.com/Nyholm"
                }
            ],
            "description": "Common classes for PSR-6 adapters",
            "homepage": "http://www.php-cache.com/en/latest/",
            "keywords": [
                "cache",
                "psr-6",
                "tag"
            ],
            "time": "2018-07-08T13:04:33+00:00"
        },
        {
            "name": "cache/hierarchical-cache",
            "version": "1.0.0",
            "source": {
                "type": "git",
                "url": "https://github.com/php-cache/hierarchical-cache.git",
                "reference": "97173a5115765f72ccdc90dbc01132a3786ef5fd"
            },
            "dist": {
                "type": "zip",
                "url": "https://api.github.com/repos/php-cache/hierarchical-cache/zipball/97173a5115765f72ccdc90dbc01132a3786ef5fd",
                "reference": "97173a5115765f72ccdc90dbc01132a3786ef5fd",
                "shasum": ""
            },
            "require": {
                "cache/adapter-common": "^1.0",
                "php": "^5.6 || ^7.0",
                "psr/cache": "^1.0"
            },
            "require-dev": {
                "phpunit/phpunit": "^5.7.21"
            },
            "type": "library",
            "extra": {
                "branch-alias": {
                    "dev-master": "1.0-dev"
                }
            },
            "autoload": {
                "psr-4": {
                    "Cache\\Hierarchy\\": ""
                },
                "exclude-from-classmap": [
                    "/Tests/"
                ]
            },
            "notification-url": "https://packagist.org/downloads/",
            "license": [
                "MIT"
            ],
            "authors": [
                {
                    "name": "Aaron Scherer",
                    "email": "aequasi@gmail.com",
                    "homepage": "https://github.com/aequasi"
                },
                {
                    "name": "Tobias Nyholm",
                    "email": "tobias.nyholm@gmail.com",
                    "homepage": "https://github.com/Nyholm"
                }
            ],
            "description": "A helper trait and interface to your PSR-6 cache to support hierarchical keys.",
            "homepage": "http://www.php-cache.com/en/latest/",
            "keywords": [
                "cache",
                "hierarchical",
                "hierarchy",
                "psr-6"
            ],
            "time": "2017-07-16T21:58:17+00:00"
        },
        {
            "name": "cache/prefixed-cache",
            "version": "1.0.0",
            "source": {
                "type": "git",
                "url": "https://github.com/php-cache/prefixed-cache.git",
                "reference": "2f584c6505cbf96b3053849f7a22137725e8aa85"
            },
            "dist": {
                "type": "zip",
                "url": "https://api.github.com/repos/php-cache/prefixed-cache/zipball/2f584c6505cbf96b3053849f7a22137725e8aa85",
                "reference": "2f584c6505cbf96b3053849f7a22137725e8aa85",
                "shasum": ""
            },
            "require": {
                "php": "^5.6 || ^7.0",
                "psr/cache": "^1.0"
            },
            "require-dev": {
                "cache/integration-tests": "^0.16",
                "phpunit/phpunit": "^5.7.21"
            },
            "type": "library",
            "extra": {
                "branch-alias": {
                    "dev-master": "1.0-dev"
                }
            },
            "autoload": {
                "psr-4": {
                    "Cache\\Prefixed\\": ""
                },
                "exclude-from-classmap": [
                    "/Tests/"
                ]
            },
            "notification-url": "https://packagist.org/downloads/",
            "license": [
                "MIT"
            ],
            "authors": [
                {
                    "name": "Tobias Nyholm",
                    "email": "tobias.nyholm@gmail.com",
                    "homepage": "https://github.com/Nyholm"
                }
            ],
            "description": "A decorator that makes your cache support prefix",
            "homepage": "http://www.php-cache.com/en/latest/",
            "keywords": [
                "cache",
                "prefix",
                "psr-6"
            ],
            "time": "2017-07-17T11:14:46+00:00"
        },
        {
            "name": "cache/tag-interop",
            "version": "1.0.0",
            "source": {
                "type": "git",
                "url": "https://github.com/php-cache/tag-interop.git",
                "reference": "c7496dd81530f538af27b4f2713cde97bc292832"
            },
            "dist": {
                "type": "zip",
                "url": "https://api.github.com/repos/php-cache/tag-interop/zipball/c7496dd81530f538af27b4f2713cde97bc292832",
                "reference": "c7496dd81530f538af27b4f2713cde97bc292832",
                "shasum": ""
            },
            "require": {
                "php": "^5.5 || ^7.0",
                "psr/cache": "^1.0"
            },
            "type": "library",
            "extra": {
                "branch-alias": {
                    "dev-master": "2.0-dev"
                }
            },
            "autoload": {
                "psr-4": {
                    "Cache\\TagInterop\\": ""
                }
            },
            "notification-url": "https://packagist.org/downloads/",
            "license": [
                "MIT"
            ],
            "authors": [
                {
                    "name": "Tobias Nyholm",
                    "email": "tobias.nyholm@gmail.com",
                    "homepage": "https://github.com/Nyholm"
                },
                {
                    "name": "Nicolas Grekas",
                    "email": "p@tchwork.com",
                    "homepage": "https://github.com/nicolas-grekas"
                }
            ],
            "description": "Framework interoperable interfaces for tags",
            "homepage": "http://www.php-cache.com/en/latest/",
            "keywords": [
                "cache",
                "psr",
                "psr6",
                "tag"
            ],
            "time": "2017-03-13T09:14:27+00:00"
        },
        {
            "name": "cache/void-adapter",
            "version": "1.0.0",
            "source": {
                "type": "git",
                "url": "https://github.com/php-cache/void-adapter.git",
                "reference": "a0554f661cf9f1498a2afe72d077f3c35d797161"
            },
            "dist": {
                "type": "zip",
                "url": "https://api.github.com/repos/php-cache/void-adapter/zipball/a0554f661cf9f1498a2afe72d077f3c35d797161",
                "reference": "a0554f661cf9f1498a2afe72d077f3c35d797161",
                "shasum": ""
            },
            "require": {
                "cache/adapter-common": "^1.0",
                "cache/hierarchical-cache": "^1.0",
                "php": "^5.6 || ^7.0",
                "psr/cache": "^1.0",
                "psr/simple-cache": "^1.0"
            },
            "provide": {
                "psr/cache-implementation": "^1.0"
            },
            "require-dev": {
                "cache/integration-tests": "^0.16",
                "phpunit/phpunit": "^5.7.21"
            },
            "type": "library",
            "extra": {
                "branch-alias": {
                    "dev-master": "1.0-dev"
                }
            },
            "autoload": {
                "psr-4": {
                    "Cache\\Adapter\\Void\\": ""
                },
                "exclude-from-classmap": [
                    "/Tests/"
                ]
            },
            "notification-url": "https://packagist.org/downloads/",
            "license": [
                "MIT"
            ],
            "authors": [
                {
                    "name": "Aaron Scherer",
                    "email": "aequasi@gmail.com",
                    "homepage": "https://github.com/aequasi"
                },
                {
                    "name": "Tobias Nyholm",
                    "email": "tobias.nyholm@gmail.com",
                    "homepage": "https://github.com/Nyholm"
                }
            ],
            "description": "A PSR-6 cache implementation using Void. This implementation supports tags",
            "homepage": "http://www.php-cache.com/en/latest/",
            "keywords": [
                "cache",
                "psr-6",
                "tag",
                "void"
            ],
            "time": "2017-07-16T21:09:25+00:00"
        },
        {
            "name": "psr/cache",
            "version": "1.0.1",
            "source": {
                "type": "git",
                "url": "https://github.com/php-fig/cache.git",
                "reference": "d11b50ad223250cf17b86e38383413f5a6764bf8"
            },
            "dist": {
                "type": "zip",
                "url": "https://api.github.com/repos/php-fig/cache/zipball/d11b50ad223250cf17b86e38383413f5a6764bf8",
                "reference": "d11b50ad223250cf17b86e38383413f5a6764bf8",
                "shasum": ""
            },
            "require": {
                "php": ">=5.3.0"
            },
            "type": "library",
            "extra": {
                "branch-alias": {
                    "dev-master": "1.0.x-dev"
                }
            },
            "autoload": {
                "psr-4": {
                    "Psr\\Cache\\": "src/"
                }
            },
            "notification-url": "https://packagist.org/downloads/",
            "license": [
                "MIT"
            ],
            "authors": [
                {
                    "name": "PHP-FIG",
                    "homepage": "http://www.php-fig.org/"
                }
            ],
            "description": "Common interface for caching libraries",
            "keywords": [
                "cache",
                "psr",
                "psr-6"
            ],
            "time": "2016-08-06T20:24:11+00:00"
        },
        {
            "name": "psr/log",
            "version": "1.1.0",
            "source": {
                "type": "git",
                "url": "https://github.com/php-fig/log.git",
                "reference": "6c001f1daafa3a3ac1d8ff69ee4db8e799a654dd"
            },
            "dist": {
                "type": "zip",
                "url": "https://api.github.com/repos/php-fig/log/zipball/6c001f1daafa3a3ac1d8ff69ee4db8e799a654dd",
                "reference": "6c001f1daafa3a3ac1d8ff69ee4db8e799a654dd",
                "shasum": ""
            },
            "require": {
                "php": ">=5.3.0"
            },
            "type": "library",
            "extra": {
                "branch-alias": {
                    "dev-master": "1.0.x-dev"
                }
            },
            "autoload": {
                "psr-4": {
                    "Psr\\Log\\": "Psr/Log/"
                }
            },
            "notification-url": "https://packagist.org/downloads/",
            "license": [
                "MIT"
            ],
            "authors": [
                {
                    "name": "PHP-FIG",
                    "homepage": "http://www.php-fig.org/"
                }
            ],
            "description": "Common interface for logging libraries",
            "homepage": "https://github.com/php-fig/log",
            "keywords": [
                "log",
                "psr",
                "psr-3"
            ],
            "time": "2018-11-20T15:27:04+00:00"
        },
        {
            "name": "psr/simple-cache",
            "version": "1.0.1",
            "source": {
                "type": "git",
                "url": "https://github.com/php-fig/simple-cache.git",
                "reference": "408d5eafb83c57f6365a3ca330ff23aa4a5fa39b"
            },
            "dist": {
                "type": "zip",
                "url": "https://api.github.com/repos/php-fig/simple-cache/zipball/408d5eafb83c57f6365a3ca330ff23aa4a5fa39b",
                "reference": "408d5eafb83c57f6365a3ca330ff23aa4a5fa39b",
                "shasum": ""
            },
            "require": {
                "php": ">=5.3.0"
            },
            "type": "library",
            "extra": {
                "branch-alias": {
                    "dev-master": "1.0.x-dev"
                }
            },
            "autoload": {
                "psr-4": {
                    "Psr\\SimpleCache\\": "src/"
                }
            },
            "notification-url": "https://packagist.org/downloads/",
            "license": [
                "MIT"
            ],
            "authors": [
                {
                    "name": "PHP-FIG",
                    "homepage": "http://www.php-fig.org/"
                }
            ],
            "description": "Common interfaces for simple caching",
            "keywords": [
                "cache",
                "caching",
                "psr",
                "psr-16",
                "simple-cache"
            ],
            "time": "2017-10-23T01:57:42+00:00"
        }
    ],
    "packages-dev": [],
    "aliases": [],
    "minimum-stability": "beta",
    "stability-flags": [],
    "prefer-stable": true,
    "prefer-lowest": false,
    "platform": {
        "php": "^7.1"
    },
    "platform-dev": []
}
